
Microsoft Visual Studio Solution File, Format Version 12.00
# Visual Studio Version 16
VisualStudioVersion = 16.0.29403.142
MinimumVisualStudioVersion = 10.0.40219.1
Project("{FAE04EC0-301F-11D3-BF4B-00C04F79EFBC}") = "netcore-vuejs", "netcore-vuejs.csproj", "{5EE3515C-B343-4759-BC4D-CCF8901441BA}"
EndProject
Global
	GlobalSection(SolutionConfigurationPlatforms) = preSolution
		Debug|Any CPU = Debug|Any CPU
		Release|Any CPU = Release|Any CPU
	EndGlobalSection
	GlobalSection(ProjectConfigurationPlatforms) = postSolution
		{5EE3515C-B343-4759-BC4D-CCF8901441BA}.Debug|Any CPU.ActiveCfg = Debug|Any CPU
		{5EE3515C-B343-4759-BC4D-CCF8901441BA}.Debug|Any CPU.Build.0 = Debug|Any CPU
		{5EE3515C-B343-4759-BC4D-CCF8901441BA}.Release|Any CPU.ActiveCfg = Release|Any CPU
		{5EE3515C-B343-4759-BC4D-CCF8901441BA}.Release|Any CPU.Build.0 = Release|Any CPU
	EndGlobalSection
	GlobalSection(SolutionProperties) = preSolution
		HideSolutionNode = FALSE
	EndGlobalSection
	GlobalSection(ExtensibilityGlobals) = postSolution
		SolutionGuid = {46757A5A-FF87-420A-BDF5-40C6EF4DD373}
	EndGlobalSection
EndGlobal
